
Microsoft Visual Studio Solution File, Format Version 12.00
# Visual Studio Version 17
VisualStudioVersion = 17.8.34322.80
MinimumVisualStudioVersion = 10.0.40219.1
Project("{9A19103F-16F7-4668-BE54-9A1E7A4F7556}") = "Powork", "Powork\Powork.csproj", "{BCDA7FC6-D1AE-490F-9B41-3612F27478E3}"
EndProject
Project("{2150E333-8FDC-42A3-9474-1A3956D46DE8}") = "Solution Items", "Solution Items", "{E4FA09F3-D759-4237-8E6A-3E6566245E5E}"
	ProjectSection(SolutionItems) = preProject
		.editorconfig = .editorconfig
	EndProjectSection
EndProject
Global
	GlobalSection(SolutionConfigurationPlatforms) = preSolution
		Debug|Any CPU = Debug|Any CPU
		Release|Any CPU = Release|Any CPU
	EndGlobalSection
	GlobalSection(ProjectConfigurationPlatforms) = postSolution
		{BCDA7FC6-D1AE-490F-9B41-3612F27478E3}.Debug|Any CPU.ActiveCfg = Debug|Any CPU
		{BCDA7FC6-D1AE-490F-9B41-3612F27478E3}.Debug|Any CPU.Build.0 = Debug|Any CPU
		{BCDA7FC6-D1AE-490F-9B41-3612F27478E3}.Release|Any CPU.ActiveCfg = Release|Any CPU
		{BCDA7FC6-D1AE-490F-9B41-3612F27478E3}.Release|Any CPU.Build.0 = Release|Any CPU
	EndGlobalSection
	GlobalSection(SolutionProperties) = preSolution
		HideSolutionNode = FALSE
	EndGlobalSection
	GlobalSection(ExtensibilityGlobals) = postSolution
		SolutionGuid = {30566077-5DAA-4734-ACC1-03C62A2CBB3D}
	EndGlobalSection
EndGlobal
